// !$*UTF8*$!
{
	archiveVersion = 1;
	classes = {
	};
	objectVersion = 46;
	objects = {

/* Begin PBXBuildFile section */
		885F7A0819826A2100E1FA1D /* railway.gif in Resources */ = {isa = PBXBuildFile; fileRef = 885F7A0719826A2100E1FA1D /* railway.gif */; };
		88FB07C619820CE5000DECF9 /* AppDelegate.swift in Sources */ = {isa = PBXBuildFile; fileRef = 88FB07C519820CE5000DECF9 /* AppDelegate.swift */; };
		88FB07C819820CE5000DECF9 /* ViewController.swift in Sources */ = {isa = PBXBuildFile; fileRef = 88FB07C719820CE5000DECF9 /* ViewController.swift */; };
		88FB07CB19820CE5000DECF9 /* Main.storyboard in Resources */ = {isa = PBXBuildFile; fileRef = 88FB07C919820CE5000DECF9 /* Main.storyboard */; };
		88FB07CD19820CE5000DECF9 /* Images.xcassets in Resources */ = {isa = PBXBuildFile; fileRef = 88FB07CC19820CE5000DECF9 /* Images.xcassets */; };
		88FB07D919820CE5000DECF9 /* VideoBackground_swiftTests.swift in Sources */ = {isa = PBXBuildFile; fileRef = 88FB07D819820CE5000DECF9 /* VideoBackground_swiftTests.swift */; };
/* End PBXBuildFile section */

/* Begin PBXContainerItemProxy section */
		88FB07D319820CE5000DECF9 /* PBXContainerItemProxy */ = {
			isa = PBXContainerItemProxy;
			containerPortal = 88FB07B819820CE5000DECF9 /* Project object */;
			proxyType = 1;
			remoteGlobalIDString = 88FB07BF19820CE5000DECF9;
			remoteInfo = VideoBackground.swift;
		};
/* End PBXContainerItemProxy section */

/* Begin PBXFileReference section */
		885F7A0719826A2100E1FA1D /* railway.gif */ = {isa = PBXFileReference; lastKnownFileType = image.gif; path = railway.gif; sourceTree = "<group>"; };
		88FB07C019820CE5000DECF9 /* VideoBackground.swift.app */ = {isa = PBXFileReference; explicitFileType = wrapper.application; includeInIndex = 0; path = VideoBackground.swift.app; sourceTree = BUILT_PRODUCTS_DIR; };
		88FB07C419820CE5000DECF9 /* Info.plist */ = {isa = PBXFileReference; lastKnownFileType = text.plist.xml; path = Info.plist; sourceTree = "<group>"; };
		88FB07C519820CE5000DECF9 /* AppDelegate.swift */ = {isa = PBXFileReference; lastKnownFileType = sourcecode.swift; path = AppDelegate.swift; sourceTree = "<group>"; };
		88FB07C719820CE5000DECF9 /* ViewController.swift */ = {isa = PBXFileReference; lastKnownFileType = sourcecode.swift; path = ViewController.swift; sourceTree = "<group>"; };
		88FB07CA19820CE5000DECF9 /* Base */ = {isa = PBXFileReference; lastKnownFileType = file.storyboard; name = Base; path = Base.lproj/Main.storyboard; sourceTree = "<group>"; };
		88FB07CC19820CE5000DECF9 /* Images.xcassets */ = {isa = PBXFileReference; lastKnownFileType = folder.assetcatalog; path = Images.xcassets; sourceTree = "<group>"; };
		88FB07D219820CE5000DECF9 /* VideoBackground.swiftTests.xctest */ = {isa = PBXFileReference; explicitFileType = wrapper.cfbundle; includeInIndex = 0; path = VideoBackground.swiftTests.xctest; sourceTree = BUILT_PRODUCTS_DIR; };
		88FB07D719820CE5000DECF9 /* Info.plist */ = {isa = PBXFileReference; lastKnownFileType = text.plist.xml; path = Info.plist; sourceTree = "<group>"; };
		88FB07D819820CE5000DECF9 /* VideoBackground_swiftTests.swift */ = {isa = PBXFileReference; lastKnownFileType = sourcecode.swift; path = VideoBackground_swiftTests.swift; sourceTree = "<group>"; };
/* End PBXFileReference section */

/* Begin PBXFrameworksBuildPhase section */
		88FB07BD19820CE5000DECF9 /* Frameworks */ = {
			isa = PBXFrameworksBuildPhase;
			buildActionMask = 2147483647;
			files = (
			);
			runOnlyForDeploymentPostprocessing = 0;
		};
		88FB07CF19820CE5000DECF9 /* Frameworks */ = {
			isa = PBXFrameworksBuildPhase;
			buildActionMask = 2147483647;
			files = (
			);
			runOnlyForDeploymentPostprocessing = 0;
		};
/* End PBXFrameworksBuildPhase section */

/* Begin PBXGroup section */
		885F7A0619826A0F00E1FA1D /* Images */ = {
			isa = PBXGroup;
			children = (
				885F7A0719826A2100E1FA1D /* railway.gif */,
			);
			name = Images;
			sourceTree = "<group>";
		};
		88FB07B719820CE5000DECF9 = {
			isa = PBXGroup;
			children = (
				88FB07C219820CE5000DECF9 /* VideoBackground.swift */,
				88FB07D519820CE5000DECF9 /* VideoBackground.swiftTests */,
				88FB07C119820CE5000DECF9 /* Products */,
			);
			sourceTree = "<group>";
		};
		88FB07C119820CE5000DECF9 /* Products */ = {
			isa = PBXGroup;
			children = (
				88FB07C019820CE5000DECF9 /* VideoBackground.swift.app */,
				88FB07D219820CE5000DECF9 /* VideoBackground.swiftTests.xctest */,
			);
			name = Products;
			sourceTree = "<group>";
		};
		88FB07C219820CE5000DECF9 /* VideoBackground.swift */ = {
			isa = PBXGroup;
			children = (
				88FB07C519820CE5000DECF9 /* AppDelegate.swift */,
				88FB07C719820CE5000DECF9 /* ViewController.swift */,
				88FB07C919820CE5000DECF9 /* Main.storyboard */,
				88FB07CC19820CE5000DECF9 /* Images.xcassets */,
				885F7A0619826A0F00E1FA1D /* Images */,
				88FB07C319820CE5000DECF9 /* Supporting Files */,
			);
			path = VideoBackground.swift;
			sourceTree = "<group>";
		};
		88FB07C319820CE5000DECF9 /* Supporting Files */ = {
			isa = PBXGroup;
			children = (
				88FB07C419820CE5000DECF9 /* Info.plist */,
			);
			name = "Supporting Files";
			sourceTree = "<group>";
		};
		88FB07D519820CE5000DECF9 /* VideoBackground.swiftTests */ = {
			isa = PBXGroup;
			children = (
				88FB07D819820CE5000DECF9 /* VideoBackground_swiftTests.swift */,
				88FB07D619820CE5000DECF9 /* Supporting Files */,
			);
			path = VideoBackground.swiftTests;
			sourceTree = "<group>";
		};
		88FB07D619820CE5000DECF9 /* Supporting Files */ = {
			isa = PBXGroup;
			children = (
				88FB07D719820CE5000DECF9 /* Info.plist */,
			);
			name = "Supporting Files";
			sourceTree = "<group>";
		};
/* End PBXGroup section */

/* Begin PBXNativeTarget section */
		88FB07BF19820CE5000DECF9 /* VideoBackground.swift */ = {
			isa = PBXNativeTarget;
			buildConfigurationList = 88FB07DC19820CE5000DECF9 /* Build configuration list for PBXNativeTarget "VideoBackground.swift" */;
			buildPhases = (
				88FB07BC19820CE5000DECF9 /* Sources */,
				88FB07BD19820CE5000DECF9 /* Frameworks */,
				88FB07BE19820CE5000DECF9 /* Resources */,
			);
			buildRules = (
			);
			dependencies = (
			);
			name = VideoBackground.swift;
			productName = VideoBackground.swift;
			productReference = 88FB07C019820CE5000DECF9 /* VideoBackground.swift.app */;
			productType = "com.apple.product-type.application";
		};
		88FB07D119820CE5000DECF9 /* VideoBackground.swiftTests */ = {
			isa = PBXNativeTarget;
			buildConfigurationList = 88FB07DF19820CE5000DECF9 /* Build configuration list for PBXNativeTarget "VideoBackground.swiftTests" */;
			buildPhases = (
				88FB07CE19820CE5000DECF9 /* Sources */,
				88FB07CF19820CE5000DECF9 /* Frameworks */,
				88FB07D019820CE5000DECF9 /* Resources */,
			);
			buildRules = (
			);
			dependencies = (
				88FB07D419820CE5000DECF9 /* PBXTargetDependency */,
			);
			name = VideoBackground.swiftTests;
			productName = VideoBackground.swiftTests;
			productReference = 88FB07D219820CE5000DECF9 /* VideoBackground.swiftTests.xctest */;
			productType = "com.apple.product-type.bundle.unit-test";
		};
/* End PBXNativeTarget section */

/* Begin PBXProject section */
		88FB07B819820CE5000DECF9 /* Project object */ = {
			isa = PBXProject;
			attributes = {
				LastSwiftUpdateCheck = 0700;
				LastUpgradeCheck = 0700;
				ORGANIZATIONNAME = elvinjin;
				TargetAttributes = {
					88FB07BF19820CE5000DECF9 = {
						CreatedOnToolsVersion = 6.0;
					};
					88FB07D119820CE5000DECF9 = {
						CreatedOnToolsVersion = 6.0;
						TestTargetID = 88FB07BF19820CE5000DECF9;
					};
				};
			};
			buildConfigurationList = 88FB07BB19820CE5000DECF9 /* Build configuration list for PBXProject "VideoBackground.swift" */;
			compatibilityVersion = "Xcode 3.2";
			developmentRegion = English;
			hasScannedForEncodings = 0;
			knownRegions = (
				en,
				Base,
			);
			mainGroup = 88FB07B719820CE5000DECF9;
			productRefGroup = 88FB07C119820CE5000DECF9 /* Products */;
			projectDirPath = "";
			projectRoot = "";
			targets = (
				88FB07BF19820CE5000DECF9 /* VideoBackground.swift */,
				88FB07D119820CE5000DECF9 /* VideoBackground.swiftTests */,
			);
		};
/* End PBXProject section */

/* Begin PBXResourcesBuildPhase section */
		88FB07BE19820CE5000DECF9 /* Resources */ = {
			isa = PBXResourcesBuildPhase;
			buildActionMask = 2147483647;
			files = (
				885F7A0819826A2100E1FA1D /* railway.gif in Resources */,
				88FB07CB19820CE5000DECF9 /* Main.storyboard in Resources */,
				88FB07CD19820CE5000DECF9 /* Images.xcassets in Resources */,
			);
			runOnlyForDeploymentPostprocessing = 0;
		};
		88FB07D019820CE5000DECF9 /* Resources */ = {
			isa = PBXResourcesBuildPhase;
			buildActionMask = 2147483647;
			files = (
			);
			runOnlyForDeploymentPostprocessing = 0;
		};
/* End PBXResourcesBuildPhase section */

/* Begin PBXSourcesBuildPhase section */
		88FB07BC19820CE5000DECF9 /* Sources */ = {
			isa = PBXSourcesBuildPhase;
			buildActionMask = 2147483647;
			files = (
				88FB07C819820CE5000DECF9 /* ViewController.swift in Sources */,
				88FB07C619820CE5000DECF9 /* AppDelegate.swift in Sources */,
			);
			runOnlyForDeploymentPostprocessing = 0;
		};
		88FB07CE19820CE5000DECF9 /* Sources */ = {
			isa = PBXSourcesBuildPhase;
			buildActionMask = 2147483647;
			files = (
				88FB07D919820CE5000DECF9 /* VideoBackground_swiftTests.swift in Sources */,
			);
			runOnlyForDeploymentPostprocessing = 0;
		};
/* End PBXSourcesBuildPhase section */

/* Begin PBXTargetDependency section */
		88FB07D419820CE5000DECF9 /* PBXTargetDependency */ = {
			isa = PBXTargetDependency;
			target = 88FB07BF19820CE5000DECF9 /* VideoBackground.swift */;
			targetProxy = 88FB07D319820CE5000DECF9 /* PBXContainerItemProxy */;
		};
/* End PBXTargetDependency section */

/* Begin PBXVariantGroup section */
		88FB07C919820CE5000DECF9 /* Main.storyboard */ = {
			isa = PBXVariantGroup;
			children = (
				88FB07CA19820CE5000DECF9 /* Base */,
			);
			name = Main.storyboard;
			sourceTree = "<group>";
		};
/* End PBXVariantGroup section */

/* Begin XCBuildConfiguration section */
		88FB07DA19820CE5000DECF9 /* Debug */ = {
			isa = XCBuildConfiguration;
			buildSettings = {
				ALWAYS_SEARCH_USER_PATHS = NO;
				CLANG_CXX_LANGUAGE_STANDARD = "gnu++0x";
				CLANG_CXX_LIBRARY = "libc++";
				CLANG_ENABLE_MODULES = YES;
				CLANG_ENABLE_OBJC_ARC = YES;
				CLANG_WARN_BOOL_CONVERSION = YES;
				CLANG_WARN_CONSTANT_CONVERSION = YES;
				CLANG_WARN_DIRECT_OBJC_ISA_USAGE = YES_ERROR;
				CLANG_WARN_EMPTY_BODY = YES;
				CLANG_WARN_ENUM_CONVERSION = YES;
				CLANG_WARN_INT_CONVERSION = YES;
				CLANG_WARN_OBJC_ROOT_CLASS = YES_ERROR;
				CLANG_WARN_UNREACHABLE_CODE = YES;
				CLANG_WARN__DUPLICATE_METHOD_MATCH = YES;
				"CODE_SIGN_IDENTITY[sdk=iphoneos*]" = "iPhone Developer";
				COPY_PHASE_STRIP = NO;
				ENABLE_STRICT_OBJC_MSGSEND = YES;
				ENABLE_TESTABILITY = YES;
				GCC_C_LANGUAGE_STANDARD = gnu99;
				GCC_DYNAMIC_NO_PIC = NO;
				GCC_OPTIMIZATION_LEVEL = 0;
				GCC_PREPROCESSOR_DEFINITIONS = (
					"DEBUG=1",
					"$(inherited)",
				);
				GCC_SYMBOLS_PRIVATE_EXTERN = NO;
				GCC_WARN_64_TO_32_BIT_CONVERSION = YES;
				GCC_WARN_ABOUT_RETURN_TYPE = YES_ERROR;
				GCC_WARN_UNDECLARED_SELECTOR = YES;
				GCC_WARN_UNINITIALIZED_AUTOS = YES_AGGRESSIVE;
				GCC_WARN_UNUSED_FUNCTION = YES;
				GCC_WARN_UNUSED_VARIABLE = YES;
				IPHONEOS_DEPLOYMENT_TARGET = 8.0;
				MTL_ENABLE_DEBUG_INFO = YES;
				ONLY_ACTIVE_ARCH = YES;
				SDKROOT = iphoneos;
				SWIFT_OPTIMIZATION_LEVEL = "-Onone";
			};
			name = Debug;
		};
		88FB07DB19820CE5000DECF9 /* Release */ = {
			isa = XCBuildConfiguration;
			buildSettings = {
				ALWAYS_SEARCH_USER_PATHS = NO;
				CLANG_CXX_LANGUAGE_STANDARD = "gnu++0x";
				CLANG_CXX_LIBRARY = "libc++";
				CLANG_ENABLE_MODULES = YES;
				CLANG_ENABLE_OBJC_ARC = YES;
				CLANG_WARN_BOOL_CONVERSION = YES;
				CLANG_WARN_CONSTANT_CONVERSION = YES;
				CLANG_WARN_DIRECT_OBJC_ISA_USAGE = YES_ERROR;
				CLANG_WARN_EMPTY_BODY = YES;
				CLANG_WARN_ENUM_CONVERSION = YES;
				CLANG_WARN_INT_CONVERSION = YES;
				CLANG_WARN_OBJC_ROOT_CLASS = YES_ERROR;
				CLANG_WARN_UNREACHABLE_CODE = YES;
				CLANG_WARN__DUPLICATE_METHOD_MATCH = YES;
				"CODE_SIGN_IDENTITY[sdk=iphoneos*]" = "iPhone Developer";
				COPY_PHASE_STRIP = YES;
				ENABLE_NS_ASSERTIONS = NO;
				ENABLE_STRICT_OBJC_MSGSEND = YES;
				GCC_C_LANGUAGE_STANDARD = gnu99;
				GCC_WARN_64_TO_32_BIT_CONVERSION = YES;
				GCC_WARN_ABOUT_RETURN_TYPE = YES_ERROR;
				GCC_WARN_UNDECLARED_SELECTOR = YES;
				GCC_WARN_UNINITIALIZED_AUTOS = YES_AGGRESSIVE;
				GCC_WARN_UNUSED_FUNCTION = YES;
				GCC_WARN_UNUSED_VARIABLE = YES;
				IPHONEOS_DEPLOYMENT_TARGET = 8.0;
				MTL_ENABLE_DEBUG_INFO = NO;
				SDKROOT = iphoneos;
				VALIDATE_PRODUCT = YES;
			};
			name = Release;
		};
		88FB07DD19820CE5000DECF9 /* Debug */ = {
			isa = XCBuildConfiguration;
			buildSettings = {
				ASSETCATALOG_COMPILER_APPICON_NAME = AppIcon;
				ASSETCATALOG_COMPILER_LAUNCHIMAGE_NAME = LaunchImage;
				INFOPLIST_FILE = VideoBackground.swift/Info.plist;
				LD_RUNPATH_SEARCH_PATHS = "$(inherited) @executable_path/Frameworks";
				PRODUCT_BUNDLE_IDENTIFIER = "com.elvinjin.${PRODUCT_NAME:rfc1034identifier}";
				PRODUCT_NAME = "$(TARGET_NAME)";
			};
			name = Debug;
		};
		88FB07DE19820CE5000DECF9 /* Release */ = {
			isa = XCBuildConfiguration;
			buildSettings = {
				ASSETCATALOG_COMPILER_APPICON_NAME = AppIcon;
				ASSETCATALOG_COMPILER_LAUNCHIMAGE_NAME = LaunchImage;
				INFOPLIST_FILE = VideoBackground.swift/Info.plist;
				LD_RUNPATH_SEARCH_PATHS = "$(inherited) @executable_path/Frameworks";
				PRODUCT_BUNDLE_IDENTIFIER = "com.elvinjin.${PRODUCT_NAME:rfc1034identifier}";
				PRODUCT_NAME = "$(TARGET_NAME)";
			};
			name = Release;
		};
		88FB07E019820CE5000DECF9 /* Debug */ = {
			isa = XCBuildConfiguration;
			buildSettings = {
				BUNDLE_LOADER = "$(BUILT_PRODUCTS_DIR)/VideoBackground.swift.app/VideoBackground.swift";
				FRAMEWORK_SEARCH_PATHS = (
					"$(SDKROOT)/Developer/Library/Frameworks",
					"$(inherited)",
				);
				GCC_PREPROCESSOR_DEFINITIONS = (
					"DEBUG=1",
					"$(inherited)",
				);
				INFOPLIST_FILE = VideoBackground.swiftTests/Info.plist;
				LD_RUNPATH_SEARCH_PATHS = "$(inherited) @executable_path/Frameworks @loader_path/Frameworks";
				PRODUCT_BUNDLE_IDENTIFIER = "com.elvinjin.${PRODUCT_NAME:rfc1034identifier}";
				PRODUCT_NAME = "$(TARGET_NAME)";
				TEST_HOST = "$(BUNDLE_LOADER)";
			};
			name = Debug;
		};
		88FB07E119820CE5000DECF9 /* Release */ = {
			isa = XCBuildConfiguration;
			buildSettings = {
				BUNDLE_LOADER = "$(BUILT_PRODUCTS_DIR)/VideoBackground.swift.app/VideoBackground.swift";
				FRAMEWORK_SEARCH_PATHS = (
					"$(SDKROOT)/Developer/Library/Frameworks",
					"$(inherited)",
				);
				INFOPLIST_FILE = VideoBackground.swiftTests/Info.plist;
				LD_RUNPATH_SEARCH_PATHS = "$(inherited) @executable_path/Frameworks @loader_path/Frameworks";
				PRODUCT_BUNDLE_IDENTIFIER = "com.elvinjin.${PRODUCT_NAME:rfc1034identifier}";
				PRODUCT_NAME = "$(TARGET_NAME)";
				TEST_HOST = "$(BUNDLE_LOADER)";
			};
			name = Release;
		};
/* End XCBuildConfiguration section */

/* Begin XCConfigurationList section */
		88FB07BB19820CE5000DECF9 /* Build configuration list for PBXProject "VideoBackground.swift" */ = {
			isa = XCConfigurationList;
			buildConfigurations = (
				88FB07DA19820CE5000DECF9 /* Debug */,
				88FB07DB19820CE5000DECF9 /* Release */,
			);
			defaultConfigurationIsVisible = 0;
			defaultConfigurationName = Release;
		};
		88FB07DC19820CE5000DECF9 /* Build configuration list for PBXNativeTarget "VideoBackground.swift" */ = {
			isa = XCConfigurationList;
			buildConfigurations = (
				88FB07DD19820CE5000DECF9 /* Debug */,
				88FB07DE19820CE5000DECF9 /* Release */,
			);
			defaultConfigurationIsVisible = 0;
			defaultConfigurationName = Release;
		};
		88FB07DF19820CE5000DECF9 /* Build configuration list for PBXNativeTarget "VideoBackground.swiftTests" */ = {
			isa = XCConfigurationList;
			buildConfigurations = (
				88FB07E019820CE5000DECF9 /* Debug */,
				88FB07E119820CE5000DECF9 /* Release */,
			);
			defaultConfigurationIsVisible = 0;
			defaultConfigurationName = Release;
		};
/* End XCConfigurationList section */
	};
	rootObject = 88FB07B819820CE5000DECF9 /* Project object */;
}
